
Microsoft Visual Studio Solution File, Format Version 12.00
# Visual Studio Version 16
VisualStudioVersion = 16.0.30011.22
MinimumVisualStudioVersion = 10.0.40219.1
Project("{FAE04EC0-301F-11D3-BF4B-00C04F79EFBC}") = "FileCopy", "FileCopy\FileCopy.csproj", "{0E98E8B6-CA0A-447C-AB4A-525F2633644B}"
EndProject
Global
	GlobalSection(SolutionConfigurationPlatforms) = preSolution
		Debug|Any CPU = Debug|Any CPU
		Release|Any CPU = Release|Any CPU
	EndGlobalSection
	GlobalSection(ProjectConfigurationPlatforms) = postSolution
		{0E98E8B6-CA0A-447C-AB4A-525F2633644B}.Debug|Any CPU.ActiveCfg = Debug|Any CPU
		{0E98E8B6-CA0A-447C-AB4A-525F2633644B}.Debug|Any CPU.Build.0 = Debug|Any CPU
		{0E98E8B6-CA0A-447C-AB4A-525F2633644B}.Release|Any CPU.ActiveCfg = Release|Any CPU
		{0E98E8B6-CA0A-447C-AB4A-525F2633644B}.Release|Any CPU.Build.0 = Release|Any CPU
	EndGlobalSection
	GlobalSection(SolutionProperties) = preSolution
		HideSolutionNode = FALSE
	EndGlobalSection
	GlobalSection(ExtensibilityGlobals) = postSolution
		SolutionGuid = {4D66A526-E6C3-41A7-A26D-22FB418A08BE}
	EndGlobalSection
EndGlobal
